
Microsoft Visual Studio Solution File, Format Version 12.00
# Visual Studio Version 16
VisualStudioVersion = 16.0.30413.136
MinimumVisualStudioVersion = 10.0.40219.1
Project("{FAE04EC0-301F-11D3-BF4B-00C04F79EFBC}") = "ShowAvailableItems", "ShowAvailableItems\ShowAvailableItems.csproj", "{C8698EC6-0FCF-4BD3-B10F-8BE72D6AE36A}"
EndProject
Global
	GlobalSection(SolutionConfigurationPlatforms) = preSolution
		BZ|Any CPU = BZ|Any CPU
		Debug|Any CPU = Debug|Any CPU
		Release|Any CPU = Release|Any CPU
		SN1|Any CPU = SN1|Any CPU
	EndGlobalSection
	GlobalSection(ProjectConfigurationPlatforms) = postSolution
		{C8698EC6-0FCF-4BD3-B10F-8BE72D6AE36A}.BZ|Any CPU.ActiveCfg = BZ|Any CPU
		{C8698EC6-0FCF-4BD3-B10F-8BE72D6AE36A}.BZ|Any CPU.Build.0 = BZ|Any CPU
		{C8698EC6-0FCF-4BD3-B10F-8BE72D6AE36A}.Debug|Any CPU.ActiveCfg = BZ|Any CPU
		{C8698EC6-0FCF-4BD3-B10F-8BE72D6AE36A}.Debug|Any CPU.Build.0 = BZ|Any CPU
		{C8698EC6-0FCF-4BD3-B10F-8BE72D6AE36A}.Release|Any CPU.ActiveCfg = Release|Any CPU
		{C8698EC6-0FCF-4BD3-B10F-8BE72D6AE36A}.Release|Any CPU.Build.0 = Release|Any CPU
		{C8698EC6-0FCF-4BD3-B10F-8BE72D6AE36A}.SN1|Any CPU.ActiveCfg = SN1|Any CPU
		{C8698EC6-0FCF-4BD3-B10F-8BE72D6AE36A}.SN1|Any CPU.Build.0 = SN1|Any CPU
	EndGlobalSection
	GlobalSection(SolutionProperties) = preSolution
		HideSolutionNode = FALSE
	EndGlobalSection
	GlobalSection(ExtensibilityGlobals) = postSolution
		SolutionGuid = {B023B64D-AE78-48B4-A314-442342321367}
	EndGlobalSection
EndGlobal
